// !$*UTF8*$!
{
	archiveVersion = 1;
	classes = {
	};
	objectVersion = 56;
	objects = {

/* Begin PBXBuildFile section */
		A02A24812B576EDD004B07BC /* CraftMartApp.swift in Sources */ = {isa = PBXBuildFile; fileRef = A02A24802B576EDD004B07BC /* CraftMartApp.swift */; };
		A02A24832B576EDD004B07BC /* ContentView.swift in Sources */ = {isa = PBXBuildFile; fileRef = A02A24822B576EDD004B07BC /* ContentView.swift */; };
		A02A24852B576EDE004B07BC /* Assets.xcassets in Resources */ = {isa = PBXBuildFile; fileRef = A02A24842B576EDE004B07BC /* Assets.xcassets */; };
		A02A24882B576EDE004B07BC /* Preview Assets.xcassets in Resources */ = {isa = PBXBuildFile; fileRef = A02A24872B576EDE004B07BC /* Preview Assets.xcassets */; };
		A02A24922B576EDE004B07BC /* CraftMartTests.swift in Sources */ = {isa = PBXBuildFile; fileRef = A02A24912B576EDE004B07BC /* CraftMartTests.swift */; };
		A02A249C2B576EDE004B07BC /* CraftMartUITests.swift in Sources */ = {isa = PBXBuildFile; fileRef = A02A249B2B576EDE004B07BC /* CraftMartUITests.swift */; };
		A02A249E2B576EDE004B07BC /* CraftMartUITestsLaunchTests.swift in Sources */ = {isa = PBXBuildFile; fileRef = A02A249D2B576EDE004B07BC /* CraftMartUITestsLaunchTests.swift */; };
		A06482232B6D506C00641D77 /* PlayfairDisplay-VariableFont_wght.ttf in Resources */ = {isa = PBXBuildFile; fileRef = A06482222B6D506C00641D77 /* PlayfairDisplay-VariableFont_wght.ttf */; };
		A06482242B6D506C00641D77 /* PlayfairDisplay-VariableFont_wght.ttf in Resources */ = {isa = PBXBuildFile; fileRef = A06482222B6D506C00641D77 /* PlayfairDisplay-VariableFont_wght.ttf */; };
		A06482252B6D506C00641D77 /* PlayfairDisplay-VariableFont_wght.ttf in Resources */ = {isa = PBXBuildFile; fileRef = A06482222B6D506C00641D77 /* PlayfairDisplay-VariableFont_wght.ttf */; };
		A06482272B6D538400641D77 /* Assets.xcassets in Resources */ = {isa = PBXBuildFile; fileRef = A02A24842B576EDE004B07BC /* Assets.xcassets */; };
		A06482282B6D538700641D77 /* Assets.xcassets in Resources */ = {isa = PBXBuildFile; fileRef = A02A24842B576EDE004B07BC /* Assets.xcassets */; };
		A0E000ED2BAF8EF300DEA55E /* SignUpView.swift in Sources */ = {isa = PBXBuildFile; fileRef = A0E000EC2BAF8EF300DEA55E /* SignUpView.swift */; };
		A0E000EF2BB52A3700DEA55E /* LandingView.swift in Sources */ = {isa = PBXBuildFile; fileRef = A0E000EE2BB52A3700DEA55E /* LandingView.swift */; };
		A0E000F12BB70F0F00DEA55E /* ContainerView.swift in Sources */ = {isa = PBXBuildFile; fileRef = A0E000F02BB70F0F00DEA55E /* ContainerView.swift */; };
/* End PBXBuildFile section */

/* Begin PBXContainerItemProxy section */
		A02A248E2B576EDE004B07BC /* PBXContainerItemProxy */ = {
			isa = PBXContainerItemProxy;
			containerPortal = A02A24752B576EDC004B07BC /* Project object */;
			proxyType = 1;
			remoteGlobalIDString = A02A247C2B576EDD004B07BC;
			remoteInfo = CraftMart;
		};
		A02A24982B576EDE004B07BC /* PBXContainerItemProxy */ = {
			isa = PBXContainerItemProxy;
			containerPortal = A02A24752B576EDC004B07BC /* Project object */;
			proxyType = 1;
			remoteGlobalIDString = A02A247C2B576EDD004B07BC;
			remoteInfo = CraftMart;
		};
/* End PBXContainerItemProxy section */

/* Begin PBXFileReference section */
		A02A247D2B576EDD004B07BC /* CraftMart.app */ = {isa = PBXFileReference; explicitFileType = wrapper.application; includeInIndex = 0; path = CraftMart.app; sourceTree = BUILT_PRODUCTS_DIR; };
		A02A24802B576EDD004B07BC /* CraftMartApp.swift */ = {isa = PBXFileReference; lastKnownFileType = sourcecode.swift; path = CraftMartApp.swift; sourceTree = "<group>"; };
		A02A24822B576EDD004B07BC /* ContentView.swift */ = {isa = PBXFileReference; lastKnownFileType = sourcecode.swift; path = ContentView.swift; sourceTree = "<group>"; };
		A02A24842B576EDE004B07BC /* Assets.xcassets */ = {isa = PBXFileReference; lastKnownFileType = folder.assetcatalog; path = Assets.xcassets; sourceTree = "<group>"; };
		A02A24872B576EDE004B07BC /* Preview Assets.xcassets */ = {isa = PBXFileReference; lastKnownFileType = folder.assetcatalog; path = "Preview Assets.xcassets"; sourceTree = "<group>"; };
		A02A248D2B576EDE004B07BC /* CraftMartTests.xctest */ = {isa = PBXFileReference; explicitFileType = wrapper.cfbundle; includeInIndex = 0; path = CraftMartTests.xctest; sourceTree = BUILT_PRODUCTS_DIR; };
		A02A24912B576EDE004B07BC /* CraftMartTests.swift */ = {isa = PBXFileReference; lastKnownFileType = sourcecode.swift; path = CraftMartTests.swift; sourceTree = "<group>"; };
		A02A24972B576EDE004B07BC /* CraftMartUITests.xctest */ = {isa = PBXFileReference; explicitFileType = wrapper.cfbundle; includeInIndex = 0; path = CraftMartUITests.xctest; sourceTree = BUILT_PRODUCTS_DIR; };
		A02A249B2B576EDE004B07BC /* CraftMartUITests.swift */ = {isa = PBXFileReference; lastKnownFileType = sourcecode.swift; path = CraftMartUITests.swift; sourceTree = "<group>"; };
		A02A249D2B576EDE004B07BC /* CraftMartUITestsLaunchTests.swift */ = {isa = PBXFileReference; lastKnownFileType = sourcecode.swift; path = CraftMartUITestsLaunchTests.swift; sourceTree = "<group>"; };
		A06482222B6D506C00641D77 /* PlayfairDisplay-VariableFont_wght.ttf */ = {isa = PBXFileReference; lastKnownFileType = file; path = "PlayfairDisplay-VariableFont_wght.ttf"; sourceTree = "<group>"; };
		A06482262B6D514500641D77 /* Info.plist */ = {isa = PBXFileReference; lastKnownFileType = text.plist.xml; path = Info.plist; sourceTree = "<group>"; };
		A0E000EC2BAF8EF300DEA55E /* SignUpView.swift */ = {isa = PBXFileReference; lastKnownFileType = sourcecode.swift; path = SignUpView.swift; sourceTree = "<group>"; };
		A0E000EE2BB52A3700DEA55E /* LandingView.swift */ = {isa = PBXFileReference; lastKnownFileType = sourcecode.swift; path = LandingView.swift; sourceTree = "<group>"; };
		A0E000F02BB70F0F00DEA55E /* ContainerView.swift */ = {isa = PBXFileReference; lastKnownFileType = sourcecode.swift; path = ContainerView.swift; sourceTree = "<group>"; };
/* End PBXFileReference section */

/* Begin PBXFrameworksBuildPhase section */
		A02A247A2B576EDD004B07BC /* Frameworks */ = {
			isa = PBXFrameworksBuildPhase;
			buildActionMask = 2147483647;
			files = (
			);
			runOnlyForDeploymentPostprocessing = 0;
		};
		A02A248A2B576EDE004B07BC /* Frameworks */ = {
			isa = PBXFrameworksBuildPhase;
			buildActionMask = 2147483647;
			files = (
			);
			runOnlyForDeploymentPostprocessing = 0;
		};
		A02A24942B576EDE004B07BC /* Frameworks */ = {
			isa = PBXFrameworksBuildPhase;
			buildActionMask = 2147483647;
			files = (
			);
			runOnlyForDeploymentPostprocessing = 0;
		};
/* End PBXFrameworksBuildPhase section */

/* Begin PBXGroup section */
		A02A24742B576EDC004B07BC = {
			isa = PBXGroup;
			children = (
				A02A247F2B576EDD004B07BC /* CraftMart */,
				A02A24902B576EDE004B07BC /* CraftMartTests */,
				A02A249A2B576EDE004B07BC /* CraftMartUITests */,
				A02A247E2B576EDD004B07BC /* Products */,
			);
			sourceTree = "<group>";
		};
		A02A247E2B576EDD004B07BC /* Products */ = {
			isa = PBXGroup;
			children = (
				A02A247D2B576EDD004B07BC /* CraftMart.app */,
				A02A248D2B576EDE004B07BC /* CraftMartTests.xctest */,
				A02A24972B576EDE004B07BC /* CraftMartUITests.xctest */,
			);
			name = Products;
			sourceTree = "<group>";
		};
		A02A247F2B576EDD004B07BC /* CraftMart */ = {
			isa = PBXGroup;
			children = (
				A06482262B6D514500641D77 /* Info.plist */,
				A064821D2B6D4FE200641D77 /* Font */,
				A02A24802B576EDD004B07BC /* CraftMartApp.swift */,
				A02A24822B576EDD004B07BC /* ContentView.swift */,
				A0E000F02BB70F0F00DEA55E /* ContainerView.swift */,
				A0E000EE2BB52A3700DEA55E /* LandingView.swift */,
				A0E000EC2BAF8EF300DEA55E /* SignUpView.swift */,
				A02A24842B576EDE004B07BC /* Assets.xcassets */,
				A02A24862B576EDE004B07BC /* Preview Content */,
			);
			path = CraftMart;
			sourceTree = "<group>";
		};
		A02A24862B576EDE004B07BC /* Preview Content */ = {
			isa = PBXGroup;
			children = (
				A02A24872B576EDE004B07BC /* Preview Assets.xcassets */,
			);
			path = "Preview Content";
			sourceTree = "<group>";
		};
		A02A24902B576EDE004B07BC /* CraftMartTests */ = {
			isa = PBXGroup;
			children = (
				A02A24912B576EDE004B07BC /* CraftMartTests.swift */,
			);
			path = CraftMartTests;
			sourceTree = "<group>";
		};
		A02A249A2B576EDE004B07BC /* CraftMartUITests */ = {
			isa = PBXGroup;
			children = (
				A02A249B2B576EDE004B07BC /* CraftMartUITests.swift */,
				A02A249D2B576EDE004B07BC /* CraftMartUITestsLaunchTests.swift */,
			);
			path = CraftMartUITests;
			sourceTree = "<group>";
		};
		A064821D2B6D4FE200641D77 /* Font */ = {
			isa = PBXGroup;
			children = (
				A06482222B6D506C00641D77 /* PlayfairDisplay-VariableFont_wght.ttf */,
			);
			path = Font;
			sourceTree = "<group>";
		};
/* End PBXGroup section */

/* Begin PBXNativeTarget section */
		A02A247C2B576EDD004B07BC /* CraftMart */ = {
			isa = PBXNativeTarget;
			buildConfigurationList = A02A24A12B576EDE004B07BC /* Build configuration list for PBXNativeTarget "CraftMart" */;
			buildPhases = (
				A02A24792B576EDD004B07BC /* Sources */,
				A02A247A2B576EDD004B07BC /* Frameworks */,
				A02A247B2B576EDD004B07BC /* Resources */,
			);
			buildRules = (
			);
			dependencies = (
			);
			name = CraftMart;
			productName = CraftMart;
			productReference = A02A247D2B576EDD004B07BC /* CraftMart.app */;
			productType = "com.apple.product-type.application";
		};
		A02A248C2B576EDE004B07BC /* CraftMartTests */ = {
			isa = PBXNativeTarget;
			buildConfigurationList = A02A24A42B576EDE004B07BC /* Build configuration list for PBXNativeTarget "CraftMartTests" */;
			buildPhases = (
				A02A24892B576EDE004B07BC /* Sources */,
				A02A248A2B576EDE004B07BC /* Frameworks */,
				A02A248B2B576EDE004B07BC /* Resources */,
			);
			buildRules = (
			);
			dependencies = (
				A02A248F2B576EDE004B07BC /* PBXTargetDependency */,
			);
			name = CraftMartTests;
			productName = CraftMartTests;
			productReference = A02A248D2B576EDE004B07BC /* CraftMartTests.xctest */;
			productType = "com.apple.product-type.bundle.unit-test";
		};
		A02A24962B576EDE004B07BC /* CraftMartUITests */ = {
			isa = PBXNativeTarget;
			buildConfigurationList = A02A24A72B576EDE004B07BC /* Build configuration list for PBXNativeTarget "CraftMartUITests" */;
			buildPhases = (
				A02A24932B576EDE004B07BC /* Sources */,
				A02A24942B576EDE004B07BC /* Frameworks */,
				A02A24952B576EDE004B07BC /* Resources */,
			);
			buildRules = (
			);
			dependencies = (
				A02A24992B576EDE004B07BC /* PBXTargetDependency */,
			);
			name = CraftMartUITests;
			productName = CraftMartUITests;
			productReference = A02A24972B576EDE004B07BC /* CraftMartUITests.xctest */;
			productType = "com.apple.product-type.bundle.ui-testing";
		};
/* End PBXNativeTarget section */

/* Begin PBXProject section */
		A02A24752B576EDC004B07BC /* Project object */ = {
			isa = PBXProject;
			attributes = {
				BuildIndependentTargetsInParallel = 1;
				LastSwiftUpdateCheck = 1520;
				LastUpgradeCheck = 1520;
				TargetAttributes = {
					A02A247C2B576EDD004B07BC = {
						CreatedOnToolsVersion = 15.2;
					};
					A02A248C2B576EDE004B07BC = {
						CreatedOnToolsVersion = 15.2;
						TestTargetID = A02A247C2B576EDD004B07BC;
					};
					A02A24962B576EDE004B07BC = {
						CreatedOnToolsVersion = 15.2;
						TestTargetID = A02A247C2B576EDD004B07BC;
					};
				};
			};
			buildConfigurationList = A02A24782B576EDC004B07BC /* Build configuration list for PBXProject "CraftMart" */;
			compatibilityVersion = "Xcode 14.0";
			developmentRegion = en;
			hasScannedForEncodings = 0;
			knownRegions = (
				en,
				Base,
			);
			mainGroup = A02A24742B576EDC004B07BC;
			productRefGroup = A02A247E2B576EDD004B07BC /* Products */;
			projectDirPath = "";
			projectRoot = "";
			targets = (
				A02A247C2B576EDD004B07BC /* CraftMart */,
				A02A248C2B576EDE004B07BC /* CraftMartTests */,
				A02A24962B576EDE004B07BC /* CraftMartUITests */,
			);
		};
/* End PBXProject section */

/* Begin PBXResourcesBuildPhase section */
		A02A247B2B576EDD004B07BC /* Resources */ = {
			isa = PBXResourcesBuildPhase;
			buildActionMask = 2147483647;
			files = (
				A02A24882B576EDE004B07BC /* Preview Assets.xcassets in Resources */,
				A06482232B6D506C00641D77 /* PlayfairDisplay-VariableFont_wght.ttf in Resources */,
				A02A24852B576EDE004B07BC /* Assets.xcassets in Resources */,
			);
			runOnlyForDeploymentPostprocessing = 0;
		};
		A02A248B2B576EDE004B07BC /* Resources */ = {
			isa = PBXResourcesBuildPhase;
			buildActionMask = 2147483647;
			files = (
				A06482272B6D538400641D77 /* Assets.xcassets in Resources */,
				A06482242B6D506C00641D77 /* PlayfairDisplay-VariableFont_wght.ttf in Resources */,
			);
			runOnlyForDeploymentPostprocessing = 0;
		};
		A02A24952B576EDE004B07BC /* Resources */ = {
			isa = PBXResourcesBuildPhase;
			buildActionMask = 2147483647;
			files = (
				A06482282B6D538700641D77 /* Assets.xcassets in Resources */,
				A06482252B6D506C00641D77 /* PlayfairDisplay-VariableFont_wght.ttf in Resources */,
			);
			runOnlyForDeploymentPostprocessing = 0;
		};
/* End PBXResourcesBuildPhase section */

/* Begin PBXSourcesBuildPhase section */
		A02A24792B576EDD004B07BC /* Sources */ = {
			isa = PBXSourcesBuildPhase;
			buildActionMask = 2147483647;
			files = (
				A0E000F12BB70F0F00DEA55E /* ContainerView.swift in Sources */,
				A0E000EF2BB52A3700DEA55E /* LandingView.swift in Sources */,
				A02A24832B576EDD004B07BC /* ContentView.swift in Sources */,
				A0E000ED2BAF8EF300DEA55E /* SignUpView.swift in Sources */,
				A02A24812B576EDD004B07BC /* CraftMartApp.swift in Sources */,
			);
			runOnlyForDeploymentPostprocessing = 0;
		};
		A02A24892B576EDE004B07BC /* Sources */ = {
			isa = PBXSourcesBuildPhase;
			buildActionMask = 2147483647;
			files = (
				A02A24922B576EDE004B07BC /* CraftMartTests.swift in Sources */,
			);
			runOnlyForDeploymentPostprocessing = 0;
		};
		A02A24932B576EDE004B07BC /* Sources */ = {
			isa = PBXSourcesBuildPhase;
			buildActionMask = 2147483647;
			files = (
				A02A249C2B576EDE004B07BC /* CraftMartUITests.swift in Sources */,
				A02A249E2B576EDE004B07BC /* CraftMartUITestsLaunchTests.swift in Sources */,
			);
			runOnlyForDeploymentPostprocessing = 0;
		};
/* End PBXSourcesBuildPhase section */

/* Begin PBXTargetDependency section */
		A02A248F2B576EDE004B07BC /* PBXTargetDependency */ = {
			isa = PBXTargetDependency;
			target = A02A247C2B576EDD004B07BC /* CraftMart */;
			targetProxy = A02A248E2B576EDE004B07BC /* PBXContainerItemProxy */;
		};
		A02A24992B576EDE004B07BC /* PBXTargetDependency */ = {
			isa = PBXTargetDependency;
			target = A02A247C2B576EDD004B07BC /* CraftMart */;
			targetProxy = A02A24982B576EDE004B07BC /* PBXContainerItemProxy */;
		};
/* End PBXTargetDependency section */

/* Begin XCBuildConfiguration section */
		A02A249F2B576EDE004B07BC /* Debug */ = {
			isa = XCBuildConfiguration;
			buildSettings = {
				ALWAYS_SEARCH_USER_PATHS = NO;
				ASSETCATALOG_COMPILER_GENERATE_SWIFT_ASSET_SYMBOL_EXTENSIONS = YES;
				CLANG_ANALYZER_NONNULL = YES;
				CLANG_ANALYZER_NUMBER_OBJECT_CONVERSION = YES_AGGRESSIVE;
				CLANG_CXX_LANGUAGE_STANDARD = "gnu++20";
				CLANG_ENABLE_MODULES = YES;
				CLANG_ENABLE_OBJC_ARC = YES;
				CLANG_ENABLE_OBJC_WEAK = YES;
				CLANG_WARN_BLOCK_CAPTURE_AUTORELEASING = YES;
				CLANG_WARN_BOOL_CONVERSION = YES;
				CLANG_WARN_COMMA = YES;
				CLANG_WARN_CONSTANT_CONVERSION = YES;
				CLANG_WARN_DEPRECATED_OBJC_IMPLEMENTATIONS = YES;
				CLANG_WARN_DIRECT_OBJC_ISA_USAGE = YES_ERROR;
				CLANG_WARN_DOCUMENTATION_COMMENTS = YES;
				CLANG_WARN_EMPTY_BODY = YES;
				CLANG_WARN_ENUM_CONVERSION = YES;
				CLANG_WARN_INFINITE_RECURSION = YES;
				CLANG_WARN_INT_CONVERSION = YES;
				CLANG_WARN_NON_LITERAL_NULL_CONVERSION = YES;
				CLANG_WARN_OBJC_IMPLICIT_RETAIN_SELF = YES;
				CLANG_WARN_OBJC_LITERAL_CONVERSION = YES;
				CLANG_WARN_OBJC_ROOT_CLASS = YES_ERROR;
				CLANG_WARN_QUOTED_INCLUDE_IN_FRAMEWORK_HEADER = YES;
				CLANG_WARN_RANGE_LOOP_ANALYSIS = YES;
				CLANG_WARN_STRICT_PROTOTYPES = YES;
				CLANG_WARN_SUSPICIOUS_MOVE = YES;
				CLANG_WARN_UNGUARDED_AVAILABILITY = YES_AGGRESSIVE;
				CLANG_WARN_UNREACHABLE_CODE = YES;
				CLANG_WARN__DUPLICATE_METHOD_MATCH = YES;
				COPY_PHASE_STRIP = NO;
				DEBUG_INFORMATION_FORMAT = dwarf;
				ENABLE_STRICT_OBJC_MSGSEND = YES;
				ENABLE_TESTABILITY = YES;
				ENABLE_USER_SCRIPT_SANDBOXING = YES;
				GCC_C_LANGUAGE_STANDARD = gnu17;
				GCC_DYNAMIC_NO_PIC = NO;
				GCC_NO_COMMON_BLOCKS = YES;
				GCC_OPTIMIZATION_LEVEL = 0;
				GCC_PREPROCESSOR_DEFINITIONS = (
					"DEBUG=1",
					"$(inherited)",
				);
				GCC_WARN_64_TO_32_BIT_CONVERSION = YES;
				GCC_WARN_ABOUT_RETURN_TYPE = YES_ERROR;
				GCC_WARN_UNDECLARED_SELECTOR = YES;
				GCC_WARN_UNINITIALIZED_AUTOS = YES_AGGRESSIVE;
				GCC_WARN_UNUSED_FUNCTION = YES;
				GCC_WARN_UNUSED_VARIABLE = YES;
				IPHONEOS_DEPLOYMENT_TARGET = 17.2;
				LOCALIZATION_PREFERS_STRING_CATALOGS = YES;
				MTL_ENABLE_DEBUG_INFO = INCLUDE_SOURCE;
				MTL_FAST_MATH = YES;
				ONLY_ACTIVE_ARCH = YES;
				SDKROOT = iphoneos;
				SWIFT_ACTIVE_COMPILATION_CONDITIONS = "DEBUG $(inherited)";
				SWIFT_OPTIMIZATION_LEVEL = "-Onone";
			};
			name = Debug;
		};
		A02A24A02B576EDE004B07BC /* Release */ = {
			isa = XCBuildConfiguration;
			buildSettings = {
				ALWAYS_SEARCH_USER_PATHS = NO;
				ASSETCATALOG_COMPILER_GENERATE_SWIFT_ASSET_SYMBOL_EXTENSIONS = YES;
				CLANG_ANALYZER_NONNULL = YES;
				CLANG_ANALYZER_NUMBER_OBJECT_CONVERSION = YES_AGGRESSIVE;
				CLANG_CXX_LANGUAGE_STANDARD = "gnu++20";
				CLANG_ENABLE_MODULES = YES;
				CLANG_ENABLE_OBJC_ARC = YES;
				CLANG_ENABLE_OBJC_WEAK = YES;
				CLANG_WARN_BLOCK_CAPTURE_AUTORELEASING = YES;
				CLANG_WARN_BOOL_CONVERSION = YES;
				CLANG_WARN_COMMA = YES;
				CLANG_WARN_CONSTANT_CONVERSION = YES;
				CLANG_WARN_DEPRECATED_OBJC_IMPLEMENTATIONS = YES;
				CLANG_WARN_DIRECT_OBJC_ISA_USAGE = YES_ERROR;
				CLANG_WARN_DOCUMENTATION_COMMENTS = YES;
				CLANG_WARN_EMPTY_BODY = YES;
				CLANG_WARN_ENUM_CONVERSION = YES;
				CLANG_WARN_INFINITE_RECURSION = YES;
				CLANG_WARN_INT_CONVERSION = YES;
				CLANG_WARN_NON_LITERAL_NULL_CONVERSION = YES;
				CLANG_WARN_OBJC_IMPLICIT_RETAIN_SELF = YES;
				CLANG_WARN_OBJC_LITERAL_CONVERSION = YES;
				CLANG_WARN_OBJC_ROOT_CLASS = YES_ERROR;
				CLANG_WARN_QUOTED_INCLUDE_IN_FRAMEWORK_HEADER = YES;
				CLANG_WARN_RANGE_LOOP_ANALYSIS = YES;
				CLANG_WARN_STRICT_PROTOTYPES = YES;
				CLANG_WARN_SUSPICIOUS_MOVE = YES;
				CLANG_WARN_UNGUARDED_AVAILABILITY = YES_AGGRESSIVE;
				CLANG_WARN_UNREACHABLE_CODE = YES;
				CLANG_WARN__DUPLICATE_METHOD_MATCH = YES;
				COPY_PHASE_STRIP = NO;
				DEBUG_INFORMATION_FORMAT = "dwarf-with-dsym";
				ENABLE_NS_ASSERTIONS = NO;
				ENABLE_STRICT_OBJC_MSGSEND = YES;
				ENABLE_USER_SCRIPT_SANDBOXING = YES;
				GCC_C_LANGUAGE_STANDARD = gnu17;
				GCC_NO_COMMON_BLOCKS = YES;
				GCC_WARN_64_TO_32_BIT_CONVERSION = YES;
				GCC_WARN_ABOUT_RETURN_TYPE = YES_ERROR;
				GCC_WARN_UNDECLARED_SELECTOR = YES;
				GCC_WARN_UNINITIALIZED_AUTOS = YES_AGGRESSIVE;
				GCC_WARN_UNUSED_FUNCTION = YES;
				GCC_WARN_UNUSED_VARIABLE = YES;
				IPHONEOS_DEPLOYMENT_TARGET = 17.2;
				LOCALIZATION_PREFERS_STRING_CATALOGS = YES;
				MTL_ENABLE_DEBUG_INFO = NO;
				MTL_FAST_MATH = YES;
				SDKROOT = iphoneos;
				SWIFT_COMPILATION_MODE = wholemodule;
				VALIDATE_PRODUCT = YES;
			};
			name = Release;
		};
		A02A24A22B576EDE004B07BC /* Debug */ = {
			isa = XCBuildConfiguration;
			buildSettings = {
				ASSETCATALOG_COMPILER_APPICON_NAME = AppIcon;
				ASSETCATALOG_COMPILER_GLOBAL_ACCENT_COLOR_NAME = AccentColor;
				CODE_SIGN_STYLE = Automatic;
				CURRENT_PROJECT_VERSION = 1;
				DEVELOPMENT_ASSET_PATHS = "\"CraftMart/Preview Content\"";
				ENABLE_PREVIEWS = YES;
				GENERATE_INFOPLIST_FILE = YES;
				INFOPLIST_FILE = CraftMart/Info.plist;
				INFOPLIST_KEY_UIApplicationSceneManifest_Generation = YES;
				INFOPLIST_KEY_UIApplicationSupportsIndirectInputEvents = YES;
				INFOPLIST_KEY_UILaunchScreen_Generation = YES;
				INFOPLIST_KEY_UISupportedInterfaceOrientations_iPad = "UIInterfaceOrientationPortrait UIInterfaceOrientationPortraitUpsideDown UIInterfaceOrientationLandscapeLeft UIInterfaceOrientationLandscapeRight";
				INFOPLIST_KEY_UISupportedInterfaceOrientations_iPhone = "UIInterfaceOrientationPortrait UIInterfaceOrientationLandscapeLeft UIInterfaceOrientationLandscapeRight";
				LD_RUNPATH_SEARCH_PATHS = (
					"$(inherited)",
					"@executable_path/Frameworks",
				);
				MARKETING_VERSION = 1.0;
				PRODUCT_BUNDLE_IDENTIFIER = mayokunoyefeso.CraftMart;
				PRODUCT_NAME = "$(TARGET_NAME)";
				SWIFT_EMIT_LOC_STRINGS = YES;
				SWIFT_VERSION = 5.0;
				TARGETED_DEVICE_FAMILY = "1,2";
			};
			name = Debug;
		};
		A02A24A32B576EDE004B07BC /* Release */ = {
			isa = XCBuildConfiguration;
			buildSettings = {
				ASSETCATALOG_COMPILER_APPICON_NAME = AppIcon;
				ASSETCATALOG_COMPILER_GLOBAL_ACCENT_COLOR_NAME = AccentColor;
				CODE_SIGN_STYLE = Automatic;
				CURRENT_PROJECT_VERSION = 1;
				DEVELOPMENT_ASSET_PATHS = "\"CraftMart/Preview Content\"";
				ENABLE_PREVIEWS = YES;
				GENERATE_INFOPLIST_FILE = YES;
				INFOPLIST_FILE = CraftMart/Info.plist;
				INFOPLIST_KEY_UIApplicationSceneManifest_Generation = YES;
				INFOPLIST_KEY_UIApplicationSupportsIndirectInputEvents = YES;
				INFOPLIST_KEY_UILaunchScreen_Generation = YES;
				INFOPLIST_KEY_UISupportedInterfaceOrientations_iPad = "UIInterfaceOrientationPortrait UIInterfaceOrientationPortraitUpsideDown UIInterfaceOrientationLandscapeLeft UIInterfaceOrientationLandscapeRight";
				INFOPLIST_KEY_UISupportedInterfaceOrientations_iPhone = "UIInterfaceOrientationPortrait UIInterfaceOrientationLandscapeLeft UIInterfaceOrientationLandscapeRight";
				LD_RUNPATH_SEARCH_PATHS = (
					"$(inherited)",
					"@executable_path/Frameworks",
				);
				MARKETING_VERSION = 1.0;
				PRODUCT_BUNDLE_IDENTIFIER = mayokunoyefeso.CraftMart;
				PRODUCT_NAME = "$(TARGET_NAME)";
				SWIFT_EMIT_LOC_STRINGS = YES;
				SWIFT_VERSION = 5.0;
				TARGETED_DEVICE_FAMILY = "1,2";
			};
			name = Release;
		};
		A02A24A52B576EDE004B07BC /* Debug */ = {
			isa = XCBuildConfiguration;
			buildSettings = {
				ALWAYS_EMBED_SWIFT_STANDARD_LIBRARIES = YES;
				BUNDLE_LOADER = "$(TEST_HOST)";
				CODE_SIGN_STYLE = Automatic;
				CURRENT_PROJECT_VERSION = 1;
				GENERATE_INFOPLIST_FILE = YES;
				IPHONEOS_DEPLOYMENT_TARGET = 17.2;
				MARKETING_VERSION = 1.0;
				PRODUCT_BUNDLE_IDENTIFIER = mayokunoyefeso.CraftMartTests;
				PRODUCT_NAME = "$(TARGET_NAME)";
				SWIFT_EMIT_LOC_STRINGS = NO;
				SWIFT_VERSION = 5.0;
				TARGETED_DEVICE_FAMILY = "1,2";
				TEST_HOST = "$(BUILT_PRODUCTS_DIR)/CraftMart.app/$(BUNDLE_EXECUTABLE_FOLDER_PATH)/CraftMart";
			};
			name = Debug;
		};
		A02A24A62B576EDE004B07BC /* Release */ = {
			isa = XCBuildConfiguration;
			buildSettings = {
				ALWAYS_EMBED_SWIFT_STANDARD_LIBRARIES = YES;
				BUNDLE_LOADER = "$(TEST_HOST)";
				CODE_SIGN_STYLE = Automatic;
				CURRENT_PROJECT_VERSION = 1;
				GENERATE_INFOPLIST_FILE = YES;
				IPHONEOS_DEPLOYMENT_TARGET = 17.2;
				MARKETING_VERSION = 1.0;
				PRODUCT_BUNDLE_IDENTIFIER = mayokunoyefeso.CraftMartTests;
				PRODUCT_NAME = "$(TARGET_NAME)";
				SWIFT_EMIT_LOC_STRINGS = NO;
				SWIFT_VERSION = 5.0;
				TARGETED_DEVICE_FAMILY = "1,2";
				TEST_HOST = "$(BUILT_PRODUCTS_DIR)/CraftMart.app/$(BUNDLE_EXECUTABLE_FOLDER_PATH)/CraftMart";
			};
			name = Release;
		};
		A02A24A82B576EDE004B07BC /* Debug */ = {
			isa = XCBuildConfiguration;
			buildSettings = {
				ALWAYS_EMBED_SWIFT_STANDARD_LIBRARIES = YES;
				CODE_SIGN_STYLE = Automatic;
				CURRENT_PROJECT_VERSION = 1;
				GENERATE_INFOPLIST_FILE = YES;
				MARKETING_VERSION = 1.0;
				PRODUCT_BUNDLE_IDENTIFIER = mayokunoyefeso.CraftMartUITests;
				PRODUCT_NAME = "$(TARGET_NAME)";
				SWIFT_EMIT_LOC_STRINGS = NO;
				SWIFT_VERSION = 5.0;
				TARGETED_DEVICE_FAMILY = "1,2";
				TEST_TARGET_NAME = CraftMart;
			};
			name = Debug;
		};
		A02A24A92B576EDE004B07BC /* Release */ = {
			isa = XCBuildConfiguration;
			buildSettings = {
				ALWAYS_EMBED_SWIFT_STANDARD_LIBRARIES = YES;
				CODE_SIGN_STYLE = Automatic;
				CURRENT_PROJECT_VERSION = 1;
				GENERATE_INFOPLIST_FILE = YES;
				MARKETING_VERSION = 1.0;
				PRODUCT_BUNDLE_IDENTIFIER = mayokunoyefeso.CraftMartUITests;
				PRODUCT_NAME = "$(TARGET_NAME)";
				SWIFT_EMIT_LOC_STRINGS = NO;
				SWIFT_VERSION = 5.0;
				TARGETED_DEVICE_FAMILY = "1,2";
				TEST_TARGET_NAME = CraftMart;
			};
			name = Release;
		};
/* End XCBuildConfiguration section */

/* Begin XCConfigurationList section */
		A02A24782B576EDC004B07BC /* Build configuration list for PBXProject "CraftMart" */ = {
			isa = XCConfigurationList;
			buildConfigurations = (
				A02A249F2B576EDE004B07BC /* Debug */,
				A02A24A02B576EDE004B07BC /* Release */,
			);
			defaultConfigurationIsVisible = 0;
			defaultConfigurationName = Release;
		};
		A02A24A12B576EDE004B07BC /* Build configuration list for PBXNativeTarget "CraftMart" */ = {
			isa = XCConfigurationList;
			buildConfigurations = (
				A02A24A22B576EDE004B07BC /* Debug */,
				A02A24A32B576EDE004B07BC /* Release */,
			);
			defaultConfigurationIsVisible = 0;
			defaultConfigurationName = Release;
		};
		A02A24A42B576EDE004B07BC /* Build configuration list for PBXNativeTarget "CraftMartTests" */ = {
			isa = XCConfigurationList;
			buildConfigurations = (
				A02A24A52B576EDE004B07BC /* Debug */,
				A02A24A62B576EDE004B07BC /* Release */,
			);
			defaultConfigurationIsVisible = 0;
			defaultConfigurationName = Release;
		};
		A02A24A72B576EDE004B07BC /* Build configuration list for PBXNativeTarget "CraftMartUITests" */ = {
			isa = XCConfigurationList;
			buildConfigurations = (
				A02A24A82B576EDE004B07BC /* Debug */,
				A02A24A92B576EDE004B07BC /* Release */,
			);
			defaultConfigurationIsVisible = 0;
			defaultConfigurationName = Release;
		};
/* End XCConfigurationList section */
	};
	rootObject = A02A24752B576EDC004B07BC /* Project object */;
}
